// !$*UTF8*$!
{
	archiveVersion = 1;
	classes = {
	};
	objectVersion = 56;
	objects = {

/* Begin PBXBuildFile section */
		B46DBA672C3DBCC700FFD865 /* LaserGameTIgneuApp.swift in Sources */ = {isa = PBXBuildFile; fileRef = B46DBA662C3DBCC700FFD865 /* LaserGameTIgneuApp.swift */; };
		B46DBA692C3DBCC700FFD865 /* ContentView.swift in Sources */ = {isa = PBXBuildFile; fileRef = B46DBA682C3DBCC700FFD865 /* ContentView.swift */; };
		B46DBA6B2C3DBCC800FFD865 /* Assets.xcassets in Resources */ = {isa = PBXBuildFile; fileRef = B46DBA6A2C3DBCC800FFD865 /* Assets.xcassets */; };
		B46DBA6F2C3DBCC800FFD865 /* Preview Assets.xcassets in Resources */ = {isa = PBXBuildFile; fileRef = B46DBA6E2C3DBCC800FFD865 /* Preview Assets.xcassets */; };
		B46DBA792C3DBCC900FFD865 /* LaserGameTIgneuTests.swift in Sources */ = {isa = PBXBuildFile; fileRef = B46DBA782C3DBCC900FFD865 /* LaserGameTIgneuTests.swift */; };
		B46DBA832C3DBCC900FFD865 /* LaserGameTIgneuUITests.swift in Sources */ = {isa = PBXBuildFile; fileRef = B46DBA822C3DBCC900FFD865 /* LaserGameTIgneuUITests.swift */; };
		B46DBA852C3DBCC900FFD865 /* LaserGameTIgneuUITestsLaunchTests.swift in Sources */ = {isa = PBXBuildFile; fileRef = B46DBA842C3DBCC900FFD865 /* LaserGameTIgneuUITestsLaunchTests.swift */; };
/* End PBXBuildFile section */

/* Begin PBXContainerItemProxy section */
		B46DBA752C3DBCC900FFD865 /* PBXContainerItemProxy */ = {
			isa = PBXContainerItemProxy;
			containerPortal = B46DBA5B2C3DBCC700FFD865 /* Project object */;
			proxyType = 1;
			remoteGlobalIDString = B46DBA622C3DBCC700FFD865;
			remoteInfo = LaserGameTIgneu;
		};
		B46DBA7F2C3DBCC900FFD865 /* PBXContainerItemProxy */ = {
			isa = PBXContainerItemProxy;
			containerPortal = B46DBA5B2C3DBCC700FFD865 /* Project object */;
			proxyType = 1;
			remoteGlobalIDString = B46DBA622C3DBCC700FFD865;
			remoteInfo = LaserGameTIgneu;
		};
/* End PBXContainerItemProxy section */

/* Begin PBXFileReference section */
		B46DBA632C3DBCC700FFD865 /* LaserGameTIgneu.app */ = {isa = PBXFileReference; explicitFileType = wrapper.application; includeInIndex = 0; path = LaserGameTIgneu.app; sourceTree = BUILT_PRODUCTS_DIR; };
		B46DBA662C3DBCC700FFD865 /* LaserGameTIgneuApp.swift */ = {isa = PBXFileReference; lastKnownFileType = sourcecode.swift; path = LaserGameTIgneuApp.swift; sourceTree = "<group>"; };
		B46DBA682C3DBCC700FFD865 /* ContentView.swift */ = {isa = PBXFileReference; lastKnownFileType = sourcecode.swift; path = ContentView.swift; sourceTree = "<group>"; };
		B46DBA6A2C3DBCC800FFD865 /* Assets.xcassets */ = {isa = PBXFileReference; lastKnownFileType = folder.assetcatalog; path = Assets.xcassets; sourceTree = "<group>"; };
		B46DBA6C2C3DBCC800FFD865 /* LaserGameTIgneu.entitlements */ = {isa = PBXFileReference; lastKnownFileType = text.plist.entitlements; path = LaserGameTIgneu.entitlements; sourceTree = "<group>"; };
		B46DBA6E2C3DBCC800FFD865 /* Preview Assets.xcassets */ = {isa = PBXFileReference; lastKnownFileType = folder.assetcatalog; path = "Preview Assets.xcassets"; sourceTree = "<group>"; };
		B46DBA742C3DBCC900FFD865 /* LaserGameTIgneuTests.xctest */ = {isa = PBXFileReference; explicitFileType = wrapper.cfbundle; includeInIndex = 0; path = LaserGameTIgneuTests.xctest; sourceTree = BUILT_PRODUCTS_DIR; };
		B46DBA782C3DBCC900FFD865 /* LaserGameTIgneuTests.swift */ = {isa = PBXFileReference; lastKnownFileType = sourcecode.swift; path = LaserGameTIgneuTests.swift; sourceTree = "<group>"; };
		B46DBA7E2C3DBCC900FFD865 /* LaserGameTIgneuUITests.xctest */ = {isa = PBXFileReference; explicitFileType = wrapper.cfbundle; includeInIndex = 0; path = LaserGameTIgneuUITests.xctest; sourceTree = BUILT_PRODUCTS_DIR; };
		B46DBA822C3DBCC900FFD865 /* LaserGameTIgneuUITests.swift */ = {isa = PBXFileReference; lastKnownFileType = sourcecode.swift; path = LaserGameTIgneuUITests.swift; sourceTree = "<group>"; };
		B46DBA842C3DBCC900FFD865 /* LaserGameTIgneuUITestsLaunchTests.swift */ = {isa = PBXFileReference; lastKnownFileType = sourcecode.swift; path = LaserGameTIgneuUITestsLaunchTests.swift; sourceTree = "<group>"; };
/* End PBXFileReference section */

/* Begin PBXFrameworksBuildPhase section */
		B46DBA602C3DBCC700FFD865 /* Frameworks */ = {
			isa = PBXFrameworksBuildPhase;
			buildActionMask = 2147483647;
			files = (
			);
			runOnlyForDeploymentPostprocessing = 0;
		};
		B46DBA712C3DBCC900FFD865 /* Frameworks */ = {
			isa = PBXFrameworksBuildPhase;
			buildActionMask = 2147483647;
			files = (
			);
			runOnlyForDeploymentPostprocessing = 0;
		};
		B46DBA7B2C3DBCC900FFD865 /* Frameworks */ = {
			isa = PBXFrameworksBuildPhase;
			buildActionMask = 2147483647;
			files = (
			);
			runOnlyForDeploymentPostprocessing = 0;
		};
/* End PBXFrameworksBuildPhase section */

/* Begin PBXGroup section */
		B46DBA5A2C3DBCC700FFD865 = {
			isa = PBXGroup;
			children = (
				B46DBA652C3DBCC700FFD865 /* LaserGameTIgneu */,
				B46DBA772C3DBCC900FFD865 /* LaserGameTIgneuTests */,
				B46DBA812C3DBCC900FFD865 /* LaserGameTIgneuUITests */,
				B46DBA642C3DBCC700FFD865 /* Products */,
			);
			sourceTree = "<group>";
		};
		B46DBA642C3DBCC700FFD865 /* Products */ = {
			isa = PBXGroup;
			children = (
				B46DBA632C3DBCC700FFD865 /* LaserGameTIgneu.app */,
				B46DBA742C3DBCC900FFD865 /* LaserGameTIgneuTests.xctest */,
				B46DBA7E2C3DBCC900FFD865 /* LaserGameTIgneuUITests.xctest */,
			);
			name = Products;
			sourceTree = "<group>";
		};
		B46DBA652C3DBCC700FFD865 /* LaserGameTIgneu */ = {
			isa = PBXGroup;
			children = (
				B46DBA662C3DBCC700FFD865 /* LaserGameTIgneuApp.swift */,
				B46DBA682C3DBCC700FFD865 /* ContentView.swift */,
				B46DBA6A2C3DBCC800FFD865 /* Assets.xcassets */,
				B46DBA6C2C3DBCC800FFD865 /* LaserGameTIgneu.entitlements */,
				B46DBA6D2C3DBCC800FFD865 /* Preview Content */,
			);
			path = LaserGameTIgneu;
			sourceTree = "<group>";
		};
		B46DBA6D2C3DBCC800FFD865 /* Preview Content */ = {
			isa = PBXGroup;
			children = (
				B46DBA6E2C3DBCC800FFD865 /* Preview Assets.xcassets */,
			);
			path = "Preview Content";
			sourceTree = "<group>";
		};
		B46DBA772C3DBCC900FFD865 /* LaserGameTIgneuTests */ = {
			isa = PBXGroup;
			children = (
				B46DBA782C3DBCC900FFD865 /* LaserGameTIgneuTests.swift */,
			);
			path = LaserGameTIgneuTests;
			sourceTree = "<group>";
		};
		B46DBA812C3DBCC900FFD865 /* LaserGameTIgneuUITests */ = {
			isa = PBXGroup;
			children = (
				B46DBA822C3DBCC900FFD865 /* LaserGameTIgneuUITests.swift */,
				B46DBA842C3DBCC900FFD865 /* LaserGameTIgneuUITestsLaunchTests.swift */,
			);
			path = LaserGameTIgneuUITests;
			sourceTree = "<group>";
		};
/* End PBXGroup section */

/* Begin PBXNativeTarget section */
		B46DBA622C3DBCC700FFD865 /* LaserGameTIgneu */ = {
			isa = PBXNativeTarget;
			buildConfigurationList = B46DBA882C3DBCC900FFD865 /* Build configuration list for PBXNativeTarget "LaserGameTIgneu" */;
			buildPhases = (
				B46DBA5F2C3DBCC700FFD865 /* Sources */,
				B46DBA602C3DBCC700FFD865 /* Frameworks */,
				B46DBA612C3DBCC700FFD865 /* Resources */,
			);
			buildRules = (
			);
			dependencies = (
			);
			name = LaserGameTIgneu;
			productName = LaserGameTIgneu;
			productReference = B46DBA632C3DBCC700FFD865 /* LaserGameTIgneu.app */;
			productType = "com.apple.product-type.application";
		};
		B46DBA732C3DBCC900FFD865 /* LaserGameTIgneuTests */ = {
			isa = PBXNativeTarget;
			buildConfigurationList = B46DBA8B2C3DBCC900FFD865 /* Build configuration list for PBXNativeTarget "LaserGameTIgneuTests" */;
			buildPhases = (
				B46DBA702C3DBCC900FFD865 /* Sources */,
				B46DBA712C3DBCC900FFD865 /* Frameworks */,
				B46DBA722C3DBCC900FFD865 /* Resources */,
			);
			buildRules = (
			);
			dependencies = (
				B46DBA762C3DBCC900FFD865 /* PBXTargetDependency */,
			);
			name = LaserGameTIgneuTests;
			productName = LaserGameTIgneuTests;
			productReference = B46DBA742C3DBCC900FFD865 /* LaserGameTIgneuTests.xctest */;
			productType = "com.apple.product-type.bundle.unit-test";
		};
		B46DBA7D2C3DBCC900FFD865 /* LaserGameTIgneuUITests */ = {
			isa = PBXNativeTarget;
			buildConfigurationList = B46DBA8E2C3DBCC900FFD865 /* Build configuration list for PBXNativeTarget "LaserGameTIgneuUITests" */;
			buildPhases = (
				B46DBA7A2C3DBCC900FFD865 /* Sources */,
				B46DBA7B2C3DBCC900FFD865 /* Frameworks */,
				B46DBA7C2C3DBCC900FFD865 /* Resources */,
			);
			buildRules = (
			);
			dependencies = (
				B46DBA802C3DBCC900FFD865 /* PBXTargetDependency */,
			);
			name = LaserGameTIgneuUITests;
			productName = LaserGameTIgneuUITests;
			productReference = B46DBA7E2C3DBCC900FFD865 /* LaserGameTIgneuUITests.xctest */;
			productType = "com.apple.product-type.bundle.ui-testing";
		};
/* End PBXNativeTarget section */

/* Begin PBXProject section */
		B46DBA5B2C3DBCC700FFD865 /* Project object */ = {
			isa = PBXProject;
			attributes = {
				BuildIndependentTargetsInParallel = 1;
				LastSwiftUpdateCheck = 1540;
				LastUpgradeCheck = 1540;
				TargetAttributes = {
					B46DBA622C3DBCC700FFD865 = {
						CreatedOnToolsVersion = 15.4;
					};
					B46DBA732C3DBCC900FFD865 = {
						CreatedOnToolsVersion = 15.4;
						TestTargetID = B46DBA622C3DBCC700FFD865;
					};
					B46DBA7D2C3DBCC900FFD865 = {
						CreatedOnToolsVersion = 15.4;
						TestTargetID = B46DBA622C3DBCC700FFD865;
					};
				};
			};
			buildConfigurationList = B46DBA5E2C3DBCC700FFD865 /* Build configuration list for PBXProject "LaserGameTIgneu" */;
			compatibilityVersion = "Xcode 14.0";
			developmentRegion = en;
			hasScannedForEncodings = 0;
			knownRegions = (
				en,
				Base,
			);
			mainGroup = B46DBA5A2C3DBCC700FFD865;
			productRefGroup = B46DBA642C3DBCC700FFD865 /* Products */;
			projectDirPath = "";
			projectRoot = "";
			targets = (
				B46DBA622C3DBCC700FFD865 /* LaserGameTIgneu */,
				B46DBA732C3DBCC900FFD865 /* LaserGameTIgneuTests */,
				B46DBA7D2C3DBCC900FFD865 /* LaserGameTIgneuUITests */,
			);
		};
/* End PBXProject section */

/* Begin PBXResourcesBuildPhase section */
		B46DBA612C3DBCC700FFD865 /* Resources */ = {
			isa = PBXResourcesBuildPhase;
			buildActionMask = 2147483647;
			files = (
				B46DBA6F2C3DBCC800FFD865 /* Preview Assets.xcassets in Resources */,
				B46DBA6B2C3DBCC800FFD865 /* Assets.xcassets in Resources */,
			);
			runOnlyForDeploymentPostprocessing = 0;
		};
		B46DBA722C3DBCC900FFD865 /* Resources */ = {
			isa = PBXResourcesBuildPhase;
			buildActionMask = 2147483647;
			files = (
			);
			runOnlyForDeploymentPostprocessing = 0;
		};
		B46DBA7C2C3DBCC900FFD865 /* Resources */ = {
			isa = PBXResourcesBuildPhase;
			buildActionMask = 2147483647;
			files = (
			);
			runOnlyForDeploymentPostprocessing = 0;
		};
/* End PBXResourcesBuildPhase section */

/* Begin PBXSourcesBuildPhase section */
		B46DBA5F2C3DBCC700FFD865 /* Sources */ = {
			isa = PBXSourcesBuildPhase;
			buildActionMask = 2147483647;
			files = (
				B46DBA692C3DBCC700FFD865 /* ContentView.swift in Sources */,
				B46DBA672C3DBCC700FFD865 /* LaserGameTIgneuApp.swift in Sources */,
			);
			runOnlyForDeploymentPostprocessing = 0;
		};
		B46DBA702C3DBCC900FFD865 /* Sources */ = {
			isa = PBXSourcesBuildPhase;
			buildActionMask = 2147483647;
			files = (
				B46DBA792C3DBCC900FFD865 /* LaserGameTIgneuTests.swift in Sources */,
			);
			runOnlyForDeploymentPostprocessing = 0;
		};
		B46DBA7A2C3DBCC900FFD865 /* Sources */ = {
			isa = PBXSourcesBuildPhase;
			buildActionMask = 2147483647;
			files = (
				B46DBA852C3DBCC900FFD865 /* LaserGameTIgneuUITestsLaunchTests.swift in Sources */,
				B46DBA832C3DBCC900FFD865 /* LaserGameTIgneuUITests.swift in Sources */,
			);
			runOnlyForDeploymentPostprocessing = 0;
		};
/* End PBXSourcesBuildPhase section */

/* Begin PBXTargetDependency section */
		B46DBA762C3DBCC900FFD865 /* PBXTargetDependency */ = {
			isa = PBXTargetDependency;
			target = B46DBA622C3DBCC700FFD865 /* LaserGameTIgneu */;
			targetProxy = B46DBA752C3DBCC900FFD865 /* PBXContainerItemProxy */;
		};
		B46DBA802C3DBCC900FFD865 /* PBXTargetDependency */ = {
			isa = PBXTargetDependency;
			target = B46DBA622C3DBCC700FFD865 /* LaserGameTIgneu */;
			targetProxy = B46DBA7F2C3DBCC900FFD865 /* PBXContainerItemProxy */;
		};
/* End PBXTargetDependency section */

/* Begin XCBuildConfiguration section */
		B46DBA862C3DBCC900FFD865 /* Debug */ = {
			isa = XCBuildConfiguration;
			buildSettings = {
				ALWAYS_SEARCH_USER_PATHS = NO;
				ASSETCATALOG_COMPILER_GENERATE_SWIFT_ASSET_SYMBOL_EXTENSIONS = YES;
				CLANG_ANALYZER_NONNULL = YES;
				CLANG_ANALYZER_NUMBER_OBJECT_CONVERSION = YES_AGGRESSIVE;
				CLANG_CXX_LANGUAGE_STANDARD = "gnu++20";
				CLANG_ENABLE_MODULES = YES;
				CLANG_ENABLE_OBJC_ARC = YES;
				CLANG_ENABLE_OBJC_WEAK = YES;
				CLANG_WARN_BLOCK_CAPTURE_AUTORELEASING = YES;
				CLANG_WARN_BOOL_CONVERSION = YES;
				CLANG_WARN_COMMA = YES;
				CLANG_WARN_CONSTANT_CONVERSION = YES;
				CLANG_WARN_DEPRECATED_OBJC_IMPLEMENTATIONS = YES;
				CLANG_WARN_DIRECT_OBJC_ISA_USAGE = YES_ERROR;
				CLANG_WARN_DOCUMENTATION_COMMENTS = YES;
				CLANG_WARN_EMPTY_BODY = YES;
				CLANG_WARN_ENUM_CONVERSION = YES;
				CLANG_WARN_INFINITE_RECURSION = YES;
				CLANG_WARN_INT_CONVERSION = YES;
				CLANG_WARN_NON_LITERAL_NULL_CONVERSION = YES;
				CLANG_WARN_OBJC_IMPLICIT_RETAIN_SELF = YES;
				CLANG_WARN_OBJC_LITERAL_CONVERSION = YES;
				CLANG_WARN_OBJC_ROOT_CLASS = YES_ERROR;
				CLANG_WARN_QUOTED_INCLUDE_IN_FRAMEWORK_HEADER = YES;
				CLANG_WARN_RANGE_LOOP_ANALYSIS = YES;
				CLANG_WARN_STRICT_PROTOTYPES = YES;
				CLANG_WARN_SUSPICIOUS_MOVE = YES;
				CLANG_WARN_UNGUARDED_AVAILABILITY = YES_AGGRESSIVE;
				CLANG_WARN_UNREACHABLE_CODE = YES;
				CLANG_WARN__DUPLICATE_METHOD_MATCH = YES;
				COPY_PHASE_STRIP = NO;
				DEBUG_INFORMATION_FORMAT = dwarf;
				ENABLE_STRICT_OBJC_MSGSEND = YES;
				ENABLE_TESTABILITY = YES;
				ENABLE_USER_SCRIPT_SANDBOXING = YES;
				GCC_C_LANGUAGE_STANDARD = gnu17;
				GCC_DYNAMIC_NO_PIC = NO;
				GCC_NO_COMMON_BLOCKS = YES;
				GCC_OPTIMIZATION_LEVEL = 0;
				GCC_PREPROCESSOR_DEFINITIONS = (
					"DEBUG=1",
					"$(inherited)",
				);
				GCC_WARN_64_TO_32_BIT_CONVERSION = YES;
				GCC_WARN_ABOUT_RETURN_TYPE = YES_ERROR;
				GCC_WARN_UNDECLARED_SELECTOR = YES;
				GCC_WARN_UNINITIALIZED_AUTOS = YES_AGGRESSIVE;
				GCC_WARN_UNUSED_FUNCTION = YES;
				GCC_WARN_UNUSED_VARIABLE = YES;
				LOCALIZATION_PREFERS_STRING_CATALOGS = YES;
				MTL_ENABLE_DEBUG_INFO = INCLUDE_SOURCE;
				MTL_FAST_MATH = YES;
				ONLY_ACTIVE_ARCH = YES;
				SWIFT_ACTIVE_COMPILATION_CONDITIONS = "DEBUG $(inherited)";
				SWIFT_OPTIMIZATION_LEVEL = "-Onone";
			};
			name = Debug;
		};
		B46DBA872C3DBCC900FFD865 /* Release */ = {
			isa = XCBuildConfiguration;
			buildSettings = {
				ALWAYS_SEARCH_USER_PATHS = NO;
				ASSETCATALOG_COMPILER_GENERATE_SWIFT_ASSET_SYMBOL_EXTENSIONS = YES;
				CLANG_ANALYZER_NONNULL = YES;
				CLANG_ANALYZER_NUMBER_OBJECT_CONVERSION = YES_AGGRESSIVE;
				CLANG_CXX_LANGUAGE_STANDARD = "gnu++20";
				CLANG_ENABLE_MODULES = YES;
				CLANG_ENABLE_OBJC_ARC = YES;
				CLANG_ENABLE_OBJC_WEAK = YES;
				CLANG_WARN_BLOCK_CAPTURE_AUTORELEASING = YES;
				CLANG_WARN_BOOL_CONVERSION = YES;
				CLANG_WARN_COMMA = YES;
				CLANG_WARN_CONSTANT_CONVERSION = YES;
				CLANG_WARN_DEPRECATED_OBJC_IMPLEMENTATIONS = YES;
				CLANG_WARN_DIRECT_OBJC_ISA_USAGE = YES_ERROR;
				CLANG_WARN_DOCUMENTATION_COMMENTS = YES;
				CLANG_WARN_EMPTY_BODY = YES;
				CLANG_WARN_ENUM_CONVERSION = YES;
				CLANG_WARN_INFINITE_RECURSION = YES;
				CLANG_WARN_INT_CONVERSION = YES;
				CLANG_WARN_NON_LITERAL_NULL_CONVERSION = YES;
				CLANG_WARN_OBJC_IMPLICIT_RETAIN_SELF = YES;
				CLANG_WARN_OBJC_LITERAL_CONVERSION = YES;
				CLANG_WARN_OBJC_ROOT_CLASS = YES_ERROR;
				CLANG_WARN_QUOTED_INCLUDE_IN_FRAMEWORK_HEADER = YES;
				CLANG_WARN_RANGE_LOOP_ANALYSIS = YES;
				CLANG_WARN_STRICT_PROTOTYPES = YES;
				CLANG_WARN_SUSPICIOUS_MOVE = YES;
				CLANG_WARN_UNGUARDED_AVAILABILITY = YES_AGGRESSIVE;
				CLANG_WARN_UNREACHABLE_CODE = YES;
				CLANG_WARN__DUPLICATE_METHOD_MATCH = YES;
				COPY_PHASE_STRIP = NO;
				DEBUG_INFORMATION_FORMAT = "dwarf-with-dsym";
				ENABLE_NS_ASSERTIONS = NO;
				ENABLE_STRICT_OBJC_MSGSEND = YES;
				ENABLE_USER_SCRIPT_SANDBOXING = YES;
				GCC_C_LANGUAGE_STANDARD = gnu17;
				GCC_NO_COMMON_BLOCKS = YES;
				GCC_WARN_64_TO_32_BIT_CONVERSION = YES;
				GCC_WARN_ABOUT_RETURN_TYPE = YES_ERROR;
				GCC_WARN_UNDECLARED_SELECTOR = YES;
				GCC_WARN_UNINITIALIZED_AUTOS = YES_AGGRESSIVE;
				GCC_WARN_UNUSED_FUNCTION = YES;
				GCC_WARN_UNUSED_VARIABLE = YES;
				LOCALIZATION_PREFERS_STRING_CATALOGS = YES;
				MTL_ENABLE_DEBUG_INFO = NO;
				MTL_FAST_MATH = YES;
				SWIFT_COMPILATION_MODE = wholemodule;
			};
			name = Release;
		};
		B46DBA892C3DBCC900FFD865 /* Debug */ = {
			isa = XCBuildConfiguration;
			buildSettings = {
				ASSETCATALOG_COMPILER_APPICON_NAME = AppIcon;
				ASSETCATALOG_COMPILER_GLOBAL_ACCENT_COLOR_NAME = AccentColor;
				CODE_SIGN_ENTITLEMENTS = LaserGameTIgneu/LaserGameTIgneu.entitlements;
				CODE_SIGN_STYLE = Automatic;
				CURRENT_PROJECT_VERSION = 1;
				DEVELOPMENT_ASSET_PATHS = "\"LaserGameTIgneu/Preview Content\"";
				DEVELOPMENT_TEAM = 285377BMM7;
				ENABLE_HARDENED_RUNTIME = YES;
				ENABLE_PREVIEWS = YES;
				GENERATE_INFOPLIST_FILE = YES;
				"INFOPLIST_KEY_UIApplicationSceneManifest_Generation[sdk=iphoneos*]" = YES;
				"INFOPLIST_KEY_UIApplicationSceneManifest_Generation[sdk=iphonesimulator*]" = YES;
				"INFOPLIST_KEY_UIApplicationSupportsIndirectInputEvents[sdk=iphoneos*]" = YES;
				"INFOPLIST_KEY_UIApplicationSupportsIndirectInputEvents[sdk=iphonesimulator*]" = YES;
				"INFOPLIST_KEY_UILaunchScreen_Generation[sdk=iphoneos*]" = YES;
				"INFOPLIST_KEY_UILaunchScreen_Generation[sdk=iphonesimulator*]" = YES;
				"INFOPLIST_KEY_UIStatusBarStyle[sdk=iphoneos*]" = UIStatusBarStyleDefault;
				"INFOPLIST_KEY_UIStatusBarStyle[sdk=iphonesimulator*]" = UIStatusBarStyleDefault;
				INFOPLIST_KEY_UISupportedInterfaceOrientations_iPad = "UIInterfaceOrientationPortrait UIInterfaceOrientationPortraitUpsideDown UIInterfaceOrientationLandscapeLeft UIInterfaceOrientationLandscapeRight";
				INFOPLIST_KEY_UISupportedInterfaceOrientations_iPhone = "UIInterfaceOrientationPortrait UIInterfaceOrientationLandscapeLeft UIInterfaceOrientationLandscapeRight";
				IPHONEOS_DEPLOYMENT_TARGET = 17.5;
				LD_RUNPATH_SEARCH_PATHS = "@executable_path/Frameworks";
				"LD_RUNPATH_SEARCH_PATHS[sdk=macosx*]" = "@executable_path/../Frameworks";
				MACOSX_DEPLOYMENT_TARGET = 14.5;
				MARKETING_VERSION = 1.0;
				PRODUCT_BUNDLE_IDENTIFIER = lionel.LaserGameTIgneu;
				PRODUCT_NAME = "$(TARGET_NAME)";
				SDKROOT = auto;
				SUPPORTED_PLATFORMS = "iphoneos iphonesimulator macosx";
				SWIFT_EMIT_LOC_STRINGS = YES;
				SWIFT_VERSION = 5.0;
				TARGETED_DEVICE_FAMILY = "1,2";
			};
			name = Debug;
		};
		B46DBA8A2C3DBCC900FFD865 /* Release */ = {
			isa = XCBuildConfiguration;
			buildSettings = {
				ASSETCATALOG_COMPILER_APPICON_NAME = AppIcon;
				ASSETCATALOG_COMPILER_GLOBAL_ACCENT_COLOR_NAME = AccentColor;
				CODE_SIGN_ENTITLEMENTS = LaserGameTIgneu/LaserGameTIgneu.entitlements;
				CODE_SIGN_STYLE = Automatic;
				CURRENT_PROJECT_VERSION = 1;
				DEVELOPMENT_ASSET_PATHS = "\"LaserGameTIgneu/Preview Content\"";
				DEVELOPMENT_TEAM = 285377BMM7;
				ENABLE_HARDENED_RUNTIME = YES;
				ENABLE_PREVIEWS = YES;
				GENERATE_INFOPLIST_FILE = YES;
				"INFOPLIST_KEY_UIApplicationSceneManifest_Generation[sdk=iphoneos*]" = YES;
				"INFOPLIST_KEY_UIApplicationSceneManifest_Generation[sdk=iphonesimulator*]" = YES;
				"INFOPLIST_KEY_UIApplicationSupportsIndirectInputEvents[sdk=iphoneos*]" = YES;
				"INFOPLIST_KEY_UIApplicationSupportsIndirectInputEvents[sdk=iphonesimulator*]" = YES;
				"INFOPLIST_KEY_UILaunchScreen_Generation[sdk=iphoneos*]" = YES;
				"INFOPLIST_KEY_UILaunchScreen_Generation[sdk=iphonesimulator*]" = YES;
				"INFOPLIST_KEY_UIStatusBarStyle[sdk=iphoneos*]" = UIStatusBarStyleDefault;
				"INFOPLIST_KEY_UIStatusBarStyle[sdk=iphonesimulator*]" = UIStatusBarStyleDefault;
				INFOPLIST_KEY_UISupportedInterfaceOrientations_iPad = "UIInterfaceOrientationPortrait UIInterfaceOrientationPortraitUpsideDown UIInterfaceOrientationLandscapeLeft UIInterfaceOrientationLandscapeRight";
				INFOPLIST_KEY_UISupportedInterfaceOrientations_iPhone = "UIInterfaceOrientationPortrait UIInterfaceOrientationLandscapeLeft UIInterfaceOrientationLandscapeRight";
				IPHONEOS_DEPLOYMENT_TARGET = 17.5;
				LD_RUNPATH_SEARCH_PATHS = "@executable_path/Frameworks";
				"LD_RUNPATH_SEARCH_PATHS[sdk=macosx*]" = "@executable_path/../Frameworks";
				MACOSX_DEPLOYMENT_TARGET = 14.5;
				MARKETING_VERSION = 1.0;
				PRODUCT_BUNDLE_IDENTIFIER = lionel.LaserGameTIgneu;
				PRODUCT_NAME = "$(TARGET_NAME)";
				SDKROOT = auto;
				SUPPORTED_PLATFORMS = "iphoneos iphonesimulator macosx";
				SWIFT_EMIT_LOC_STRINGS = YES;
				SWIFT_VERSION = 5.0;
				TARGETED_DEVICE_FAMILY = "1,2";
			};
			name = Release;
		};
		B46DBA8C2C3DBCC900FFD865 /* Debug */ = {
			isa = XCBuildConfiguration;
			buildSettings = {
				ALWAYS_EMBED_SWIFT_STANDARD_LIBRARIES = YES;
				BUNDLE_LOADER = "$(TEST_HOST)";
				CODE_SIGN_STYLE = Automatic;
				CURRENT_PROJECT_VERSION = 1;
				DEVELOPMENT_TEAM = 285377BMM7;
				GENERATE_INFOPLIST_FILE = YES;
				IPHONEOS_DEPLOYMENT_TARGET = 17.5;
				MACOSX_DEPLOYMENT_TARGET = 14.5;
				MARKETING_VERSION = 1.0;
				PRODUCT_BUNDLE_IDENTIFIER = lionel.LaserGameTIgneuTests;
				PRODUCT_NAME = "$(TARGET_NAME)";
				SDKROOT = auto;
				SUPPORTED_PLATFORMS = "iphoneos iphonesimulator macosx";
				SWIFT_EMIT_LOC_STRINGS = NO;
				SWIFT_VERSION = 5.0;
				TARGETED_DEVICE_FAMILY = "1,2";
				TEST_HOST = "$(BUILT_PRODUCTS_DIR)/LaserGameTIgneu.app/$(BUNDLE_EXECUTABLE_FOLDER_PATH)/LaserGameTIgneu";
			};
			name = Debug;
		};
		B46DBA8D2C3DBCC900FFD865 /* Release */ = {
			isa = XCBuildConfiguration;
			buildSettings = {
				ALWAYS_EMBED_SWIFT_STANDARD_LIBRARIES = YES;
				BUNDLE_LOADER = "$(TEST_HOST)";
				CODE_SIGN_STYLE = Automatic;
				CURRENT_PROJECT_VERSION = 1;
				DEVELOPMENT_TEAM = 285377BMM7;
				GENERATE_INFOPLIST_FILE = YES;
				IPHONEOS_DEPLOYMENT_TARGET = 17.5;
				MACOSX_DEPLOYMENT_TARGET = 14.5;
				MARKETING_VERSION = 1.0;
				PRODUCT_BUNDLE_IDENTIFIER = lionel.LaserGameTIgneuTests;
				PRODUCT_NAME = "$(TARGET_NAME)";
				SDKROOT = auto;
				SUPPORTED_PLATFORMS = "iphoneos iphonesimulator macosx";
				SWIFT_EMIT_LOC_STRINGS = NO;
				SWIFT_VERSION = 5.0;
				TARGETED_DEVICE_FAMILY = "1,2";
				TEST_HOST = "$(BUILT_PRODUCTS_DIR)/LaserGameTIgneu.app/$(BUNDLE_EXECUTABLE_FOLDER_PATH)/LaserGameTIgneu";
			};
			name = Release;
		};
		B46DBA8F2C3DBCC900FFD865 /* Debug */ = {
			isa = XCBuildConfiguration;
			buildSettings = {
				ALWAYS_EMBED_SWIFT_STANDARD_LIBRARIES = YES;
				CODE_SIGN_STYLE = Automatic;
				CURRENT_PROJECT_VERSION = 1;
				DEVELOPMENT_TEAM = 285377BMM7;
				GENERATE_INFOPLIST_FILE = YES;
				IPHONEOS_DEPLOYMENT_TARGET = 17.5;
				MACOSX_DEPLOYMENT_TARGET = 14.5;
				MARKETING_VERSION = 1.0;
				PRODUCT_BUNDLE_IDENTIFIER = lionel.LaserGameTIgneuUITests;
				PRODUCT_NAME = "$(TARGET_NAME)";
				SDKROOT = auto;
				SUPPORTED_PLATFORMS = "iphoneos iphonesimulator macosx";
				SWIFT_EMIT_LOC_STRINGS = NO;
				SWIFT_VERSION = 5.0;
				TARGETED_DEVICE_FAMILY = "1,2";
				TEST_TARGET_NAME = LaserGameTIgneu;
			};
			name = Debug;
		};
		B46DBA902C3DBCC900FFD865 /* Release */ = {
			isa = XCBuildConfiguration;
			buildSettings = {
				ALWAYS_EMBED_SWIFT_STANDARD_LIBRARIES = YES;
				CODE_SIGN_STYLE = Automatic;
				CURRENT_PROJECT_VERSION = 1;
				DEVELOPMENT_TEAM = 285377BMM7;
				GENERATE_INFOPLIST_FILE = YES;
				IPHONEOS_DEPLOYMENT_TARGET = 17.5;
				MACOSX_DEPLOYMENT_TARGET = 14.5;
				MARKETING_VERSION = 1.0;
				PRODUCT_BUNDLE_IDENTIFIER = lionel.LaserGameTIgneuUITests;
				PRODUCT_NAME = "$(TARGET_NAME)";
				SDKROOT = auto;
				SUPPORTED_PLATFORMS = "iphoneos iphonesimulator macosx";
				SWIFT_EMIT_LOC_STRINGS = NO;
				SWIFT_VERSION = 5.0;
				TARGETED_DEVICE_FAMILY = "1,2";
				TEST_TARGET_NAME = LaserGameTIgneu;
			};
			name = Release;
		};
/* End XCBuildConfiguration section */

/* Begin XCConfigurationList section */
		B46DBA5E2C3DBCC700FFD865 /* Build configuration list for PBXProject "LaserGameTIgneu" */ = {
			isa = XCConfigurationList;
			buildConfigurations = (
				B46DBA862C3DBCC900FFD865 /* Debug */,
				B46DBA872C3DBCC900FFD865 /* Release */,
			);
			defaultConfigurationIsVisible = 0;
			defaultConfigurationName = Release;
		};
		B46DBA882C3DBCC900FFD865 /* Build configuration list for PBXNativeTarget "LaserGameTIgneu" */ = {
			isa = XCConfigurationList;
			buildConfigurations = (
				B46DBA892C3DBCC900FFD865 /* Debug */,
				B46DBA8A2C3DBCC900FFD865 /* Release */,
			);
			defaultConfigurationIsVisible = 0;
			defaultConfigurationName = Release;
		};
		B46DBA8B2C3DBCC900FFD865 /* Build configuration list for PBXNativeTarget "LaserGameTIgneuTests" */ = {
			isa = XCConfigurationList;
			buildConfigurations = (
				B46DBA8C2C3DBCC900FFD865 /* Debug */,
				B46DBA8D2C3DBCC900FFD865 /* Release */,
			);
			defaultConfigurationIsVisible = 0;
			defaultConfigurationName = Release;
		};
		B46DBA8E2C3DBCC900FFD865 /* Build configuration list for PBXNativeTarget "LaserGameTIgneuUITests" */ = {
			isa = XCConfigurationList;
			buildConfigurations = (
				B46DBA8F2C3DBCC900FFD865 /* Debug */,
				B46DBA902C3DBCC900FFD865 /* Release */,
			);
			defaultConfigurationIsVisible = 0;
			defaultConfigurationName = Release;
		};
/* End XCConfigurationList section */
	};
	rootObject = B46DBA5B2C3DBCC700FFD865 /* Project object */;
}
